// !$*UTF8*$!
{
	archiveVersion = 1;
	classes = {
	};
	objectVersion = 46;
	objects = {

/* Begin PBXBuildFile section */
		ABD5E75DC412C25E4DAD636D /* libPods-Collector.a in Frameworks */ = {isa = PBXBuildFile; fileRef = 774CB4F050358076E724FD62 /* libPods-Collector.a */; };
		FF5EEE321DC88EF1008C150E /* ItemDetailViewController.m in Sources */ = {isa = PBXBuildFile; fileRef = FF5EEE311DC88EF1008C150E /* ItemDetailViewController.m */; };
		FFC084141DC741E600EA887A /* DataItemModel.m in Sources */ = {isa = PBXBuildFile; fileRef = FFC084131DC741E600EA887A /* DataItemModel.m */; };
		FFE112F31DBA057F0045BE20 /* DataItem.m in Sources */ = {isa = PBXBuildFile; fileRef = FFE112F21DBA057F0045BE20 /* DataItem.m */; };
		FFE112F91DBA13610045BE20 /* ItemListViewController.m in Sources */ = {isa = PBXBuildFile; fileRef = FFE112F81DBA13610045BE20 /* ItemListViewController.m */; };
		FFE112FC1DBA142F0045BE20 /* DataItemGroup.m in Sources */ = {isa = PBXBuildFile; fileRef = FFE112FB1DBA142F0045BE20 /* DataItemGroup.m */; };
		FFFDAD261DB84D9C00966CA5 /* main.m in Sources */ = {isa = PBXBuildFile; fileRef = FFFDAD251DB84D9C00966CA5 /* main.m */; };
		FFFDAD291DB84D9C00966CA5 /* AppDelegate.m in Sources */ = {isa = PBXBuildFile; fileRef = FFFDAD281DB84D9C00966CA5 /* AppDelegate.m */; };
		FFFDAD311DB84D9C00966CA5 /* Assets.xcassets in Resources */ = {isa = PBXBuildFile; fileRef = FFFDAD301DB84D9C00966CA5 /* Assets.xcassets */; };
		FFFDAD341DB84D9C00966CA5 /* LaunchScreen.storyboard in Resources */ = {isa = PBXBuildFile; fileRef = FFFDAD321DB84D9C00966CA5 /* LaunchScreen.storyboard */; };
/* End PBXBuildFile section */

/* Begin PBXFileReference section */
		403422E7E765410680AFCC12 /* Pods-Collector.debug.xcconfig */ = {isa = PBXFileReference; includeInIndex = 1; lastKnownFileType = text.xcconfig; name = "Pods-Collector.debug.xcconfig"; path = "Pods/Target Support Files/Pods-Collector/Pods-Collector.debug.xcconfig"; sourceTree = "<group>"; };
		774CB4F050358076E724FD62 /* libPods-Collector.a */ = {isa = PBXFileReference; explicitFileType = archive.ar; includeInIndex = 0; path = "libPods-Collector.a"; sourceTree = BUILT_PRODUCTS_DIR; };
		A0523666A5EBBCF57923D115 /* Pods-Collector.release.xcconfig */ = {isa = PBXFileReference; includeInIndex = 1; lastKnownFileType = text.xcconfig; name = "Pods-Collector.release.xcconfig"; path = "Pods/Target Support Files/Pods-Collector/Pods-Collector.release.xcconfig"; sourceTree = "<group>"; };
		FF5EEE301DC88EF1008C150E /* ItemDetailViewController.h */ = {isa = PBXFileReference; fileEncoding = 4; lastKnownFileType = sourcecode.c.h; name = ItemDetailViewController.h; path = Src/Home/ViewController/ItemDetailViewController.h; sourceTree = "<group>"; };
		FF5EEE311DC88EF1008C150E /* ItemDetailViewController.m */ = {isa = PBXFileReference; fileEncoding = 4; lastKnownFileType = sourcecode.c.objc; name = ItemDetailViewController.m; path = Src/Home/ViewController/ItemDetailViewController.m; sourceTree = "<group>"; };
		FFB7D4801DC218E0005240D1 /* UIBase.h */ = {isa = PBXFileReference; fileEncoding = 4; lastKnownFileType = sourcecode.c.h; name = UIBase.h; path = Src/UIBase/UIBase.h; sourceTree = "<group>"; };
		FFC084121DC741E600EA887A /* DataItemModel.h */ = {isa = PBXFileReference; fileEncoding = 4; lastKnownFileType = sourcecode.c.h; name = DataItemModel.h; path = Src/Model/DataItemModel.h; sourceTree = "<group>"; };
		FFC084131DC741E600EA887A /* DataItemModel.m */ = {isa = PBXFileReference; fileEncoding = 4; lastKnownFileType = sourcecode.c.objc; name = DataItemModel.m; path = Src/Model/DataItemModel.m; sourceTree = "<group>"; };
		FFE112F11DBA057F0045BE20 /* DataItem.h */ = {isa = PBXFileReference; fileEncoding = 4; lastKnownFileType = sourcecode.c.h; name = DataItem.h; path = Src/Model/DataItem.h; sourceTree = "<group>"; };
		FFE112F21DBA057F0045BE20 /* DataItem.m */ = {isa = PBXFileReference; fileEncoding = 4; lastKnownFileType = sourcecode.c.objc; name = DataItem.m; path = Src/Model/DataItem.m; sourceTree = "<group>"; };
		FFE112F71DBA13610045BE20 /* ItemListViewController.h */ = {isa = PBXFileReference; fileEncoding = 4; lastKnownFileType = sourcecode.c.h; name = ItemListViewController.h; path = Src/Home/ViewController/ItemListViewController.h; sourceTree = "<group>"; };
		FFE112F81DBA13610045BE20 /* ItemListViewController.m */ = {isa = PBXFileReference; fileEncoding = 4; lastKnownFileType = sourcecode.c.objc; name = ItemListViewController.m; path = Src/Home/ViewController/ItemListViewController.m; sourceTree = "<group>"; };
		FFE112FA1DBA142F0045BE20 /* DataItemGroup.h */ = {isa = PBXFileReference; fileEncoding = 4; lastKnownFileType = sourcecode.c.h; name = DataItemGroup.h; path = Src/Model/DataItemGroup.h; sourceTree = "<group>"; };
		FFE112FB1DBA142F0045BE20 /* DataItemGroup.m */ = {isa = PBXFileReference; fileEncoding = 4; lastKnownFileType = sourcecode.c.objc; name = DataItemGroup.m; path = Src/Model/DataItemGroup.m; sourceTree = "<group>"; };
		FFFDAD211DB84D9C00966CA5 /* Collector.app */ = {isa = PBXFileReference; explicitFileType = wrapper.application; includeInIndex = 0; path = Collector.app; sourceTree = BUILT_PRODUCTS_DIR; };
		FFFDAD251DB84D9C00966CA5 /* main.m */ = {isa = PBXFileReference; lastKnownFileType = sourcecode.c.objc; path = main.m; sourceTree = "<group>"; };
		FFFDAD271DB84D9C00966CA5 /* AppDelegate.h */ = {isa = PBXFileReference; lastKnownFileType = sourcecode.c.h; path = AppDelegate.h; sourceTree = "<group>"; };
		FFFDAD281DB84D9C00966CA5 /* AppDelegate.m */ = {isa = PBXFileReference; lastKnownFileType = sourcecode.c.objc; path = AppDelegate.m; sourceTree = "<group>"; };
		FFFDAD301DB84D9C00966CA5 /* Assets.xcassets */ = {isa = PBXFileReference; lastKnownFileType = folder.assetcatalog; path = Assets.xcassets; sourceTree = "<group>"; };
		FFFDAD331DB84D9C00966CA5 /* Base */ = {isa = PBXFileReference; lastKnownFileType = file.storyboard; name = Base; path = Base.lproj/LaunchScreen.storyboard; sourceTree = "<group>"; };
		FFFDAD351DB84D9C00966CA5 /* Info.plist */ = {isa = PBXFileReference; lastKnownFileType = text.plist.xml; path = Info.plist; sourceTree = "<group>"; };
/* End PBXFileReference section */

/* Begin PBXFrameworksBuildPhase section */
		FFFDAD1E1DB84D9C00966CA5 /* Frameworks */ = {
			isa = PBXFrameworksBuildPhase;
			buildActionMask = 2147483647;
			files = (
				ABD5E75DC412C25E4DAD636D /* libPods-Collector.a in Frameworks */,
			);
			runOnlyForDeploymentPostprocessing = 0;
		};
/* End PBXFrameworksBuildPhase section */

/* Begin PBXGroup section */
		09A117C33FA8D65DB455F690 /* Pods */ = {
			isa = PBXGroup;
			children = (
				403422E7E765410680AFCC12 /* Pods-Collector.debug.xcconfig */,
				A0523666A5EBBCF57923D115 /* Pods-Collector.release.xcconfig */,
			);
			name = Pods;
			sourceTree = "<group>";
		};
		D6F980ED9516D4D85416D0FC /* Frameworks */ = {
			isa = PBXGroup;
			children = (
				774CB4F050358076E724FD62 /* libPods-Collector.a */,
			);
			name = Frameworks;
			sourceTree = "<group>";
		};
		FFB7D47F1DC218BF005240D1 /* UIBase */ = {
			isa = PBXGroup;
			children = (
				FFB7D4801DC218E0005240D1 /* UIBase.h */,
			);
			name = UIBase;
			sourceTree = "<group>";
		};
		FFE112ED1DBA04790045BE20 /* Application */ = {
			isa = PBXGroup;
			children = (
				FFFDAD271DB84D9C00966CA5 /* AppDelegate.h */,
				FFFDAD281DB84D9C00966CA5 /* AppDelegate.m */,
				FFFDAD301DB84D9C00966CA5 /* Assets.xcassets */,
				FFFDAD321DB84D9C00966CA5 /* LaunchScreen.storyboard */,
			);
			name = Application;
			sourceTree = "<group>";
		};
		FFE112EE1DBA04910045BE20 /* Resources */ = {
			isa = PBXGroup;
			children = (
			);
			name = Resources;
			sourceTree = "<group>";
		};
		FFE112EF1DBA04960045BE20 /* Src */ = {
			isa = PBXGroup;
			children = (
				FFB7D47F1DC218BF005240D1 /* UIBase */,
				FFE112F51DBA12ED0045BE20 /* Home */,
				FFE112F01DBA04B10045BE20 /* Model */,
			);
			name = Src;
			sourceTree = "<group>";
		};
		FFE112F01DBA04B10045BE20 /* Model */ = {
			isa = PBXGroup;
			children = (
				FFE112F11DBA057F0045BE20 /* DataItem.h */,
				FFE112F21DBA057F0045BE20 /* DataItem.m */,
				FFE112FA1DBA142F0045BE20 /* DataItemGroup.h */,
				FFE112FB1DBA142F0045BE20 /* DataItemGroup.m */,
				FFC084121DC741E600EA887A /* DataItemModel.h */,
				FFC084131DC741E600EA887A /* DataItemModel.m */,
			);
			name = Model;
			sourceTree = "<group>";
		};
		FFE112F41DBA122B0045BE20 /* View */ = {
			isa = PBXGroup;
			children = (
			);
			name = View;
			sourceTree = "<group>";
		};
		FFE112F51DBA12ED0045BE20 /* Home */ = {
			isa = PBXGroup;
			children = (
				FFE112F41DBA122B0045BE20 /* View */,
				FFE112F61DBA130C0045BE20 /* ViewController */,
			);
			name = Home;
			sourceTree = "<group>";
		};
		FFE112F61DBA130C0045BE20 /* ViewController */ = {
			isa = PBXGroup;
			children = (
				FF5EEE301DC88EF1008C150E /* ItemDetailViewController.h */,
				FF5EEE311DC88EF1008C150E /* ItemDetailViewController.m */,
				FFE112F71DBA13610045BE20 /* ItemListViewController.h */,
				FFE112F81DBA13610045BE20 /* ItemListViewController.m */,
			);
			name = ViewController;
			sourceTree = "<group>";
		};
		FFFDAD181DB84D9C00966CA5 = {
			isa = PBXGroup;
			children = (
				FFFDAD231DB84D9C00966CA5 /* Collector */,
				FFFDAD221DB84D9C00966CA5 /* Products */,
				09A117C33FA8D65DB455F690 /* Pods */,
				D6F980ED9516D4D85416D0FC /* Frameworks */,
			);
			sourceTree = "<group>";
		};
		FFFDAD221DB84D9C00966CA5 /* Products */ = {
			isa = PBXGroup;
			children = (
				FFFDAD211DB84D9C00966CA5 /* Collector.app */,
			);
			name = Products;
			sourceTree = "<group>";
		};
		FFFDAD231DB84D9C00966CA5 /* Collector */ = {
			isa = PBXGroup;
			children = (
				FFE112ED1DBA04790045BE20 /* Application */,
				FFE112EE1DBA04910045BE20 /* Resources */,
				FFE112EF1DBA04960045BE20 /* Src */,
				FFFDAD241DB84D9C00966CA5 /* Supporting Files */,
			);
			path = Collector;
			sourceTree = "<group>";
		};
		FFFDAD241DB84D9C00966CA5 /* Supporting Files */ = {
			isa = PBXGroup;
			children = (
				FFFDAD351DB84D9C00966CA5 /* Info.plist */,
				FFFDAD251DB84D9C00966CA5 /* main.m */,
			);
			name = "Supporting Files";
			sourceTree = "<group>";
		};
/* End PBXGroup section */

/* Begin PBXNativeTarget section */
		FFFDAD201DB84D9C00966CA5 /* Collector */ = {
			isa = PBXNativeTarget;
			buildConfigurationList = FFFDAD381DB84D9C00966CA5 /* Build configuration list for PBXNativeTarget "Collector" */;
			buildPhases = (
				0FF389EB5E70F26119C4FB00 /* [CP] Check Pods Manifest.lock */,
				FFFDAD1D1DB84D9C00966CA5 /* Sources */,
				FFFDAD1E1DB84D9C00966CA5 /* Frameworks */,
				FFFDAD1F1DB84D9C00966CA5 /* Resources */,
				5A225428AA5E861E7FC1C2F9 /* [CP] Embed Pods Frameworks */,
				1DA5E36F94EDD32FE209A64A /* [CP] Copy Pods Resources */,
			);
			buildRules = (
			);
			dependencies = (
			);
			name = Collector;
			productName = Collector;
			productReference = FFFDAD211DB84D9C00966CA5 /* Collector.app */;
			productType = "com.apple.product-type.application";
		};
/* End PBXNativeTarget section */

/* Begin PBXProject section */
		FFFDAD191DB84D9C00966CA5 /* Project object */ = {
			isa = PBXProject;
			attributes = {
				LastUpgradeCheck = 0810;
				ORGANIZATIONNAME = Yeehok;
				TargetAttributes = {
					FFFDAD201DB84D9C00966CA5 = {
						CreatedOnToolsVersion = 8.0;
						DevelopmentTeam = AGKAHQ3WXQ;
						ProvisioningStyle = Automatic;
					};
				};
			};
			buildConfigurationList = FFFDAD1C1DB84D9C00966CA5 /* Build configuration list for PBXProject "Collector" */;
			compatibilityVersion = "Xcode 3.2";
			developmentRegion = English;
			hasScannedForEncodings = 0;
			knownRegions = (
				en,
				Base,
			);
			mainGroup = FFFDAD181DB84D9C00966CA5;
			productRefGroup = FFFDAD221DB84D9C00966CA5 /* Products */;
			projectDirPath = "";
			projectRoot = "";
			targets = (
				FFFDAD201DB84D9C00966CA5 /* Collector */,
			);
		};
/* End PBXProject section */

/* Begin PBXResourcesBuildPhase section */
		FFFDAD1F1DB84D9C00966CA5 /* Resources */ = {
			isa = PBXResourcesBuildPhase;
			buildActionMask = 2147483647;
			files = (
				FFFDAD341DB84D9C00966CA5 /* LaunchScreen.storyboard in Resources */,
				FFFDAD311DB84D9C00966CA5 /* Assets.xcassets in Resources */,
			);
			runOnlyForDeploymentPostprocessing = 0;
		};
/* End PBXResourcesBuildPhase section */

/* Begin PBXShellScriptBuildPhase section */
		0FF389EB5E70F26119C4FB00 /* [CP] Check Pods Manifest.lock */ = {
			isa = PBXShellScriptBuildPhase;
			buildActionMask = 2147483647;
			files = (
			);
			inputPaths = (
			);
			name = "[CP] Check Pods Manifest.lock";
			outputPaths = (
			);
			runOnlyForDeploymentPostprocessing = 0;
			shellPath = /bin/sh;
			shellScript = "diff \"${PODS_ROOT}/../Podfile.lock\" \"${PODS_ROOT}/Manifest.lock\" > /dev/null\nif [ $? != 0 ] ; then\n    # print error to STDERR\n    echo \"error: The sandbox is not in sync with the Podfile.lock. Run 'pod install' or update your CocoaPods installation.\" >&2\n    exit 1\nfi\n";
			showEnvVarsInLog = 0;
		};
		1DA5E36F94EDD32FE209A64A /* [CP] Copy Pods Resources */ = {
			isa = PBXShellScriptBuildPhase;
			buildActionMask = 2147483647;
			files = (
			);
			inputPaths = (
			);
			name = "[CP] Copy Pods Resources";
			outputPaths = (
			);
			runOnlyForDeploymentPostprocessing = 0;
			shellPath = /bin/sh;
			shellScript = "\"${SRCROOT}/Pods/Target Support Files/Pods-Collector/Pods-Collector-resources.sh\"\n";
			showEnvVarsInLog = 0;
		};
		5A225428AA5E861E7FC1C2F9 /* [CP] Embed Pods Frameworks */ = {
			isa = PBXShellScriptBuildPhase;
			buildActionMask = 2147483647;
			files = (
			);
			inputPaths = (
			);
			name = "[CP] Embed Pods Frameworks";
			outputPaths = (
			);
			runOnlyForDeploymentPostprocessing = 0;
			shellPath = /bin/sh;
			shellScript = "\"${SRCROOT}/Pods/Target Support Files/Pods-Collector/Pods-Collector-frameworks.sh\"\n";
			showEnvVarsInLog = 0;
		};
/* End PBXShellScriptBuildPhase section */

/* Begin PBXSourcesBuildPhase section */
		FFFDAD1D1DB84D9C00966CA5 /* Sources */ = {
			isa = PBXSourcesBuildPhase;
			buildActionMask = 2147483647;
			files = (
				FFC084141DC741E600EA887A /* DataItemModel.m in Sources */,
				FFFDAD291DB84D9C00966CA5 /* AppDelegate.m in Sources */,
				FF5EEE321DC88EF1008C150E /* ItemDetailViewController.m in Sources */,
				FFE112F91DBA13610045BE20 /* ItemListViewController.m in Sources */,
				FFE112F31DBA057F0045BE20 /* DataItem.m in Sources */,
				FFE112FC1DBA142F0045BE20 /* DataItemGroup.m in Sources */,
				FFFDAD261DB84D9C00966CA5 /* main.m in Sources */,
			);
			runOnlyForDeploymentPostprocessing = 0;
		};
/* End PBXSourcesBuildPhase section */

/* Begin PBXVariantGroup section */
		FFFDAD321DB84D9C00966CA5 /* LaunchScreen.storyboard */ = {
			isa = PBXVariantGroup;
			children = (
				FFFDAD331DB84D9C00966CA5 /* Base */,
			);
			name = LaunchScreen.storyboard;
			sourceTree = "<group>";
		};
/* End PBXVariantGroup section */

/* Begin XCBuildConfiguration section */
		FFFDAD361DB84D9C00966CA5 /* Debug */ = {
			isa = XCBuildConfiguration;
			buildSettings = {
				ALWAYS_SEARCH_USER_PATHS = NO;
				CLANG_ANALYZER_NONNULL = YES;
				CLANG_CXX_LANGUAGE_STANDARD = "gnu++0x";
				CLANG_CXX_LIBRARY = "libc++";
				CLANG_ENABLE_MODULES = YES;
				CLANG_ENABLE_OBJC_ARC = YES;
				CLANG_WARN_BOOL_CONVERSION = YES;
				CLANG_WARN_CONSTANT_CONVERSION = YES;
				CLANG_WARN_DIRECT_OBJC_ISA_USAGE = YES_ERROR;
				CLANG_WARN_DOCUMENTATION_COMMENTS = YES;
				CLANG_WARN_EMPTY_BODY = YES;
				CLANG_WARN_ENUM_CONVERSION = YES;
				CLANG_WARN_INFINITE_RECURSION = YES;
				CLANG_WARN_INT_CONVERSION = YES;
				CLANG_WARN_OBJC_ROOT_CLASS = YES_ERROR;
				CLANG_WARN_SUSPICIOUS_MOVE = YES;
				CLANG_WARN_SUSPICIOUS_MOVES = YES;
				CLANG_WARN_UNREACHABLE_CODE = YES;
				CLANG_WARN__DUPLICATE_METHOD_MATCH = YES;
				"CODE_SIGN_IDENTITY[sdk=iphoneos*]" = "iPhone Developer";
				COPY_PHASE_STRIP = NO;
				DEBUG_INFORMATION_FORMAT = dwarf;
				ENABLE_STRICT_OBJC_MSGSEND = YES;
				ENABLE_TESTABILITY = YES;
				GCC_C_LANGUAGE_STANDARD = gnu99;
				GCC_DYNAMIC_NO_PIC = NO;
				GCC_NO_COMMON_BLOCKS = YES;
				GCC_OPTIMIZATION_LEVEL = 0;
				GCC_PREPROCESSOR_DEFINITIONS = (
					"DEBUG=1",
					"$(inherited)",
				);
				GCC_WARN_64_TO_32_BIT_CONVERSION = YES;
				GCC_WARN_ABOUT_RETURN_TYPE = YES_ERROR;
				GCC_WARN_UNDECLARED_SELECTOR = YES;
				GCC_WARN_UNINITIALIZED_AUTOS = YES_AGGRESSIVE;
				GCC_WARN_UNUSED_FUNCTION = YES;
				GCC_WARN_UNUSED_VARIABLE = YES;
				IPHONEOS_DEPLOYMENT_TARGET = 10.0;
				MTL_ENABLE_DEBUG_INFO = YES;
				ONLY_ACTIVE_ARCH = YES;
				SDKROOT = iphoneos;
				TARGETED_DEVICE_FAMILY = "1,2";
			};
			name = Debug;
		};
		FFFDAD371DB84D9C00966CA5 /* Release */ = {
			isa = XCBuildConfiguration;
			buildSettings = {
				ALWAYS_SEARCH_USER_PATHS = NO;
				CLANG_ANALYZER_NONNULL = YES;
				CLANG_CXX_LANGUAGE_STANDARD = "gnu++0x";
				CLANG_CXX_LIBRARY = "libc++";
				CLANG_ENABLE_MODULES = YES;
				CLANG_ENABLE_OBJC_ARC = YES;
				CLANG_WARN_BOOL_CONVERSION = YES;
				CLANG_WARN_CONSTANT_CONVERSION = YES;
				CLANG_WARN_DIRECT_OBJC_ISA_USAGE = YES_ERROR;
				CLANG_WARN_DOCUMENTATION_COMMENTS = YES;
				CLANG_WARN_EMPTY_BODY = YES;
				CLANG_WARN_ENUM_CONVERSION = YES;
				CLANG_WARN_INFINITE_RECURSION = YES;
				CLANG_WARN_INT_CONVERSION = YES;
				CLANG_WARN_OBJC_ROOT_CLASS = YES_ERROR;
				CLANG_WARN_SUSPICIOUS_MOVE = YES;
				CLANG_WARN_SUSPICIOUS_MOVES = YES;
				CLANG_WARN_UNREACHABLE_CODE = YES;
				CLANG_WARN__DUPLICATE_METHOD_MATCH = YES;
				"CODE_SIGN_IDENTITY[sdk=iphoneos*]" = "iPhone Developer";
				COPY_PHASE_STRIP = NO;
				DEBUG_INFORMATION_FORMAT = "dwarf-with-dsym";
				ENABLE_NS_ASSERTIONS = NO;
				ENABLE_STRICT_OBJC_MSGSEND = YES;
				GCC_C_LANGUAGE_STANDARD = gnu99;
				GCC_NO_COMMON_BLOCKS = YES;
				GCC_WARN_64_TO_32_BIT_CONVERSION = YES;
				GCC_WARN_ABOUT_RETURN_TYPE = YES_ERROR;
				GCC_WARN_UNDECLARED_SELECTOR = YES;
				GCC_WARN_UNINITIALIZED_AUTOS = YES_AGGRESSIVE;
				GCC_WARN_UNUSED_FUNCTION = YES;
				GCC_WARN_UNUSED_VARIABLE = YES;
				IPHONEOS_DEPLOYMENT_TARGET = 10.0;
				MTL_ENABLE_DEBUG_INFO = NO;
				SDKROOT = iphoneos;
				TARGETED_DEVICE_FAMILY = "1,2";
				VALIDATE_PRODUCT = YES;
			};
			name = Release;
		};
		FFFDAD391DB84D9C00966CA5 /* Debug */ = {
			isa = XCBuildConfiguration;
			baseConfigurationReference = 403422E7E765410680AFCC12 /* Pods-Collector.debug.xcconfig */;
			buildSettings = {
				ASSETCATALOG_COMPILER_APPICON_NAME = AppIcon;
				DEVELOPMENT_TEAM = AGKAHQ3WXQ;
				INFOPLIST_FILE = Collector/Info.plist;
				LD_RUNPATH_SEARCH_PATHS = "$(inherited) @executable_path/Frameworks";
				PRODUCT_BUNDLE_IDENTIFIER = Yeehok.Collector;
				PRODUCT_NAME = "$(TARGET_NAME)";
			};
			name = Debug;
		};
		FFFDAD3A1DB84D9C00966CA5 /* Release */ = {
			isa = XCBuildConfiguration;
			baseConfigurationReference = A0523666A5EBBCF57923D115 /* Pods-Collector.release.xcconfig */;
			buildSettings = {
				ASSETCATALOG_COMPILER_APPICON_NAME = AppIcon;
				DEVELOPMENT_TEAM = AGKAHQ3WXQ;
				INFOPLIST_FILE = Collector/Info.plist;
				LD_RUNPATH_SEARCH_PATHS = "$(inherited) @executable_path/Frameworks";
				PRODUCT_BUNDLE_IDENTIFIER = Yeehok.Collector;
				PRODUCT_NAME = "$(TARGET_NAME)";
			};
			name = Release;
		};
/* End XCBuildConfiguration section */

/* Begin XCConfigurationList section */
		FFFDAD1C1DB84D9C00966CA5 /* Build configuration list for PBXProject "Collector" */ = {
			isa = XCConfigurationList;
			buildConfigurations = (
				FFFDAD361DB84D9C00966CA5 /* Debug */,
				FFFDAD371DB84D9C00966CA5 /* Release */,
			);
			defaultConfigurationIsVisible = 0;
			defaultConfigurationName = Release;
		};
		FFFDAD381DB84D9C00966CA5 /* Build configuration list for PBXNativeTarget "Collector" */ = {
			isa = XCConfigurationList;
			buildConfigurations = (
				FFFDAD391DB84D9C00966CA5 /* Debug */,
				FFFDAD3A1DB84D9C00966CA5 /* Release */,
			);
			defaultConfigurationIsVisible = 0;
			defaultConfigurationName = Release;
		};
/* End XCConfigurationList section */
	};
	rootObject = FFFDAD191DB84D9C00966CA5 /* Project object */;
}
